// !$*UTF8*$!
{
	archiveVersion = 1;
	classes = {
	};
	objectVersion = 46;
	objects = {

/* Begin PBXBuildFile section */
		6D1B3EE81C470E000059DA09 /* main.m in Sources */ = {isa = PBXBuildFile; fileRef = 6D1B3EE71C470E000059DA09 /* main.m */; };
		6D1B3EEB1C470E010059DA09 /* AppDelegate.m in Sources */ = {isa = PBXBuildFile; fileRef = 6D1B3EEA1C470E000059DA09 /* AppDelegate.m */; };
		6D1B3EEE1C470E010059DA09 /* ViewController.m in Sources */ = {isa = PBXBuildFile; fileRef = 6D1B3EED1C470E010059DA09 /* ViewController.m */; };
		6D1B3EF11C470E010059DA09 /* Main.storyboard in Resources */ = {isa = PBXBuildFile; fileRef = 6D1B3EEF1C470E010059DA09 /* Main.storyboard */; };
		6D1B3EF31C470E010059DA09 /* Assets.xcassets in Resources */ = {isa = PBXBuildFile; fileRef = 6D1B3EF21C470E010059DA09 /* Assets.xcassets */; };
		6D1B3EF61C470E010059DA09 /* LaunchScreen.storyboard in Resources */ = {isa = PBXBuildFile; fileRef = 6D1B3EF41C470E010059DA09 /* LaunchScreen.storyboard */; };
		6D1B3F011C470E040059DA09 /* iOSgithubTests.m in Sources */ = {isa = PBXBuildFile; fileRef = 6D1B3F001C470E040059DA09 /* iOSgithubTests.m */; };
		6D1B3F0C1C470E040059DA09 /* iOSgithubUITests.m in Sources */ = {isa = PBXBuildFile; fileRef = 6D1B3F0B1C470E040059DA09 /* iOSgithubUITests.m */; };
/* End PBXBuildFile section */

/* Begin PBXContainerItemProxy section */
		6D1B3EFD1C470E040059DA09 /* PBXContainerItemProxy */ = {
			isa = PBXContainerItemProxy;
			containerPortal = 6D1B3EDB1C470DFE0059DA09 /* Project object */;
			proxyType = 1;
			remoteGlobalIDString = 6D1B3EE21C470DFF0059DA09;
			remoteInfo = iOSgithub;
		};
		6D1B3F081C470E040059DA09 /* PBXContainerItemProxy */ = {
			isa = PBXContainerItemProxy;
			containerPortal = 6D1B3EDB1C470DFE0059DA09 /* Project object */;
			proxyType = 1;
			remoteGlobalIDString = 6D1B3EE21C470DFF0059DA09;
			remoteInfo = iOSgithub;
		};
/* End PBXContainerItemProxy section */

/* Begin PBXFileReference section */
		6D1B3EE31C470DFF0059DA09 /* iOSgithub.app */ = {isa = PBXFileReference; explicitFileType = wrapper.application; includeInIndex = 0; path = iOSgithub.app; sourceTree = BUILT_PRODUCTS_DIR; };
		6D1B3EE71C470E000059DA09 /* main.m */ = {isa = PBXFileReference; lastKnownFileType = sourcecode.c.objc; path = main.m; sourceTree = "<group>"; };
		6D1B3EE91C470E000059DA09 /* AppDelegate.h */ = {isa = PBXFileReference; lastKnownFileType = sourcecode.c.h; path = AppDelegate.h; sourceTree = "<group>"; };
		6D1B3EEA1C470E000059DA09 /* AppDelegate.m */ = {isa = PBXFileReference; lastKnownFileType = sourcecode.c.objc; path = AppDelegate.m; sourceTree = "<group>"; };
		6D1B3EEC1C470E010059DA09 /* ViewController.h */ = {isa = PBXFileReference; lastKnownFileType = sourcecode.c.h; path = ViewController.h; sourceTree = "<group>"; };
		6D1B3EED1C470E010059DA09 /* ViewController.m */ = {isa = PBXFileReference; lastKnownFileType = sourcecode.c.objc; path = ViewController.m; sourceTree = "<group>"; };
		6D1B3EF01C470E010059DA09 /* Base */ = {isa = PBXFileReference; lastKnownFileType = file.storyboard; name = Base; path = Base.lproj/Main.storyboard; sourceTree = "<group>"; };
		6D1B3EF21C470E010059DA09 /* Assets.xcassets */ = {isa = PBXFileReference; lastKnownFileType = folder.assetcatalog; path = Assets.xcassets; sourceTree = "<group>"; };
		6D1B3EF51C470E010059DA09 /* Base */ = {isa = PBXFileReference; lastKnownFileType = file.storyboard; name = Base; path = Base.lproj/LaunchScreen.storyboard; sourceTree = "<group>"; };
		6D1B3EF71C470E020059DA09 /* Info.plist */ = {isa = PBXFileReference; lastKnownFileType = text.plist.xml; path = Info.plist; sourceTree = "<group>"; };
		6D1B3EFC1C470E040059DA09 /* iOSgithubTests.xctest */ = {isa = PBXFileReference; explicitFileType = wrapper.cfbundle; includeInIndex = 0; path = iOSgithubTests.xctest; sourceTree = BUILT_PRODUCTS_DIR; };
		6D1B3F001C470E040059DA09 /* iOSgithubTests.m */ = {isa = PBXFileReference; lastKnownFileType = sourcecode.c.objc; path = iOSgithubTests.m; sourceTree = "<group>"; };
		6D1B3F021C470E040059DA09 /* Info.plist */ = {isa = PBXFileReference; lastKnownFileType = text.plist.xml; path = Info.plist; sourceTree = "<group>"; };
		6D1B3F071C470E040059DA09 /* iOSgithubUITests.xctest */ = {isa = PBXFileReference; explicitFileType = wrapper.cfbundle; includeInIndex = 0; path = iOSgithubUITests.xctest; sourceTree = BUILT_PRODUCTS_DIR; };
		6D1B3F0B1C470E040059DA09 /* iOSgithubUITests.m */ = {isa = PBXFileReference; lastKnownFileType = sourcecode.c.objc; path = iOSgithubUITests.m; sourceTree = "<group>"; };
		6D1B3F0D1C470E040059DA09 /* Info.plist */ = {isa = PBXFileReference; lastKnownFileType = text.plist.xml; path = Info.plist; sourceTree = "<group>"; };
/* End PBXFileReference section */

/* Begin PBXFrameworksBuildPhase section */
		6D1B3EE01C470DFF0059DA09 /* Frameworks */ = {
			isa = PBXFrameworksBuildPhase;
			buildActionMask = 2147483647;
			files = (
			);
			runOnlyForDeploymentPostprocessing = 0;
		};
		6D1B3EF91C470E040059DA09 /* Frameworks */ = {
			isa = PBXFrameworksBuildPhase;
			buildActionMask = 2147483647;
			files = (
			);
			runOnlyForDeploymentPostprocessing = 0;
		};
		6D1B3F041C470E040059DA09 /* Frameworks */ = {
			isa = PBXFrameworksBuildPhase;
			buildActionMask = 2147483647;
			files = (
			);
			runOnlyForDeploymentPostprocessing = 0;
		};
/* End PBXFrameworksBuildPhase section */

/* Begin PBXGroup section */
		6D1B3EDA1C470DFE0059DA09 = {
			isa = PBXGroup;
			children = (
				6D1B3EE51C470DFF0059DA09 /* iOSgithub */,
				6D1B3EFF1C470E040059DA09 /* iOSgithubTests */,
				6D1B3F0A1C470E040059DA09 /* iOSgithubUITests */,
				6D1B3EE41C470DFF0059DA09 /* Products */,
			);
			sourceTree = "<group>";
		};
		6D1B3EE41C470DFF0059DA09 /* Products */ = {
			isa = PBXGroup;
			children = (
				6D1B3EE31C470DFF0059DA09 /* iOSgithub.app */,
				6D1B3EFC1C470E040059DA09 /* iOSgithubTests.xctest */,
				6D1B3F071C470E040059DA09 /* iOSgithubUITests.xctest */,
			);
			name = Products;
			sourceTree = "<group>";
		};
		6D1B3EE51C470DFF0059DA09 /* iOSgithub */ = {
			isa = PBXGroup;
			children = (
				6D1B3EE91C470E000059DA09 /* AppDelegate.h */,
				6D1B3EEA1C470E000059DA09 /* AppDelegate.m */,
				6D1B3EEC1C470E010059DA09 /* ViewController.h */,
				6D1B3EED1C470E010059DA09 /* ViewController.m */,
				6D1B3EEF1C470E010059DA09 /* Main.storyboard */,
				6D1B3EF21C470E010059DA09 /* Assets.xcassets */,
				6D1B3EF41C470E010059DA09 /* LaunchScreen.storyboard */,
				6D1B3EF71C470E020059DA09 /* Info.plist */,
				6D1B3EE61C470E000059DA09 /* Supporting Files */,
			);
			path = iOSgithub;
			sourceTree = "<group>";
		};
		6D1B3EE61C470E000059DA09 /* Supporting Files */ = {
			isa = PBXGroup;
			children = (
				6D1B3EE71C470E000059DA09 /* main.m */,
			);
			name = "Supporting Files";
			sourceTree = "<group>";
		};
		6D1B3EFF1C470E040059DA09 /* iOSgithubTests */ = {
			isa = PBXGroup;
			children = (
				6D1B3F001C470E040059DA09 /* iOSgithubTests.m */,
				6D1B3F021C470E040059DA09 /* Info.plist */,
			);
			path = iOSgithubTests;
			sourceTree = "<group>";
		};
		6D1B3F0A1C470E040059DA09 /* iOSgithubUITests */ = {
			isa = PBXGroup;
			children = (
				6D1B3F0B1C470E040059DA09 /* iOSgithubUITests.m */,
				6D1B3F0D1C470E040059DA09 /* Info.plist */,
			);
			path = iOSgithubUITests;
			sourceTree = "<group>";
		};
/* End PBXGroup section */

/* Begin PBXNativeTarget section */
		6D1B3EE21C470DFF0059DA09 /* iOSgithub */ = {
			isa = PBXNativeTarget;
			buildConfigurationList = 6D1B3F101C470E040059DA09 /* Build configuration list for PBXNativeTarget "iOSgithub" */;
			buildPhases = (
				6D1B3EDF1C470DFF0059DA09 /* Sources */,
				6D1B3EE01C470DFF0059DA09 /* Frameworks */,
				6D1B3EE11C470DFF0059DA09 /* Resources */,
			);
			buildRules = (
			);
			dependencies = (
			);
			name = iOSgithub;
			productName = iOSgithub;
			productReference = 6D1B3EE31C470DFF0059DA09 /* iOSgithub.app */;
			productType = "com.apple.product-type.application";
		};
		6D1B3EFB1C470E040059DA09 /* iOSgithubTests */ = {
			isa = PBXNativeTarget;
			buildConfigurationList = 6D1B3F131C470E040059DA09 /* Build configuration list for PBXNativeTarget "iOSgithubTests" */;
			buildPhases = (
				6D1B3EF81C470E040059DA09 /* Sources */,
				6D1B3EF91C470E040059DA09 /* Frameworks */,
				6D1B3EFA1C470E040059DA09 /* Resources */,
			);
			buildRules = (
			);
			dependencies = (
				6D1B3EFE1C470E040059DA09 /* PBXTargetDependency */,
			);
			name = iOSgithubTests;
			productName = iOSgithubTests;
			productReference = 6D1B3EFC1C470E040059DA09 /* iOSgithubTests.xctest */;
			productType = "com.apple.product-type.bundle.unit-test";
		};
		6D1B3F061C470E040059DA09 /* iOSgithubUITests */ = {
			isa = PBXNativeTarget;
			buildConfigurationList = 6D1B3F161C470E040059DA09 /* Build configuration list for PBXNativeTarget "iOSgithubUITests" */;
			buildPhases = (
				6D1B3F031C470E040059DA09 /* Sources */,
				6D1B3F041C470E040059DA09 /* Frameworks */,
				6D1B3F051C470E040059DA09 /* Resources */,
			);
			buildRules = (
			);
			dependencies = (
				6D1B3F091C470E040059DA09 /* PBXTargetDependency */,
			);
			name = iOSgithubUITests;
			productName = iOSgithubUITests;
			productReference = 6D1B3F071C470E040059DA09 /* iOSgithubUITests.xctest */;
			productType = "com.apple.product-type.bundle.ui-testing";
		};
/* End PBXNativeTarget section */

/* Begin PBXProject section */
		6D1B3EDB1C470DFE0059DA09 /* Project object */ = {
			isa = PBXProject;
			attributes = {
				LastUpgradeCheck = 0720;
				ORGANIZATIONNAME = e2lira;
				TargetAttributes = {
					6D1B3EE21C470DFF0059DA09 = {
						CreatedOnToolsVersion = 7.2;
						DevelopmentTeam = BJJQH7CUS3;
					};
					6D1B3EFB1C470E040059DA09 = {
						CreatedOnToolsVersion = 7.2;
						DevelopmentTeam = BJJQH7CUS3;
						TestTargetID = 6D1B3EE21C470DFF0059DA09;
					};
					6D1B3F061C470E040059DA09 = {
						CreatedOnToolsVersion = 7.2;
						DevelopmentTeam = BJJQH7CUS3;
						TestTargetID = 6D1B3EE21C470DFF0059DA09;
					};
				};
			};
			buildConfigurationList = 6D1B3EDE1C470DFE0059DA09 /* Build configuration list for PBXProject "iOSgithub" */;
			compatibilityVersion = "Xcode 3.2";
			developmentRegion = English;
			hasScannedForEncodings = 0;
			knownRegions = (
				en,
				Base,
			);
			mainGroup = 6D1B3EDA1C470DFE0059DA09;
			productRefGroup = 6D1B3EE41C470DFF0059DA09 /* Products */;
			projectDirPath = "";
			projectRoot = "";
			targets = (
				6D1B3EE21C470DFF0059DA09 /* iOSgithub */,
				6D1B3EFB1C470E040059DA09 /* iOSgithubTests */,
				6D1B3F061C470E040059DA09 /* iOSgithubUITests */,
			);
		};
/* End PBXProject section */

/* Begin PBXResourcesBuildPhase section */
		6D1B3EE11C470DFF0059DA09 /* Resources */ = {
			isa = PBXResourcesBuildPhase;
			buildActionMask = 2147483647;
			files = (
				6D1B3EF61C470E010059DA09 /* LaunchScreen.storyboard in Resources */,
				6D1B3EF31C470E010059DA09 /* Assets.xcassets in Resources */,
				6D1B3EF11C470E010059DA09 /* Main.storyboard in Resources */,
			);
			runOnlyForDeploymentPostprocessing = 0;
		};
		6D1B3EFA1C470E040059DA09 /* Resources */ = {
			isa = PBXResourcesBuildPhase;
			buildActionMask = 2147483647;
			files = (
			);
			runOnlyForDeploymentPostprocessing = 0;
		};
		6D1B3F051C470E040059DA09 /* Resources */ = {
			isa = PBXResourcesBuildPhase;
			buildActionMask = 2147483647;
			files = (
			);
			runOnlyForDeploymentPostprocessing = 0;
		};
/* End PBXResourcesBuildPhase section */

/* Begin PBXSourcesBuildPhase section */
		6D1B3EDF1C470DFF0059DA09 /* Sources */ = {
			isa = PBXSourcesBuildPhase;
			buildActionMask = 2147483647;
			files = (
				6D1B3EEE1C470E010059DA09 /* ViewController.m in Sources */,
				6D1B3EEB1C470E010059DA09 /* AppDelegate.m in Sources */,
				6D1B3EE81C470E000059DA09 /* main.m in Sources */,
			);
			runOnlyForDeploymentPostprocessing = 0;
		};
		6D1B3EF81C470E040059DA09 /* Sources */ = {
			isa = PBXSourcesBuildPhase;
			buildActionMask = 2147483647;
			files = (
				6D1B3F011C470E040059DA09 /* iOSgithubTests.m in Sources */,
			);
			runOnlyForDeploymentPostprocessing = 0;
		};
		6D1B3F031C470E040059DA09 /* Sources */ = {
			isa = PBXSourcesBuildPhase;
			buildActionMask = 2147483647;
			files = (
				6D1B3F0C1C470E040059DA09 /* iOSgithubUITests.m in Sources */,
			);
			runOnlyForDeploymentPostprocessing = 0;
		};
/* End PBXSourcesBuildPhase section */

/* Begin PBXTargetDependency section */
		6D1B3EFE1C470E040059DA09 /* PBXTargetDependency */ = {
			isa = PBXTargetDependency;
			target = 6D1B3EE21C470DFF0059DA09 /* iOSgithub */;
			targetProxy = 6D1B3EFD1C470E040059DA09 /* PBXContainerItemProxy */;
		};
		6D1B3F091C470E040059DA09 /* PBXTargetDependency */ = {
			isa = PBXTargetDependency;
			target = 6D1B3EE21C470DFF0059DA09 /* iOSgithub */;
			targetProxy = 6D1B3F081C470E040059DA09 /* PBXContainerItemProxy */;
		};
/* End PBXTargetDependency section */

/* Begin PBXVariantGroup section */
		6D1B3EEF1C470E010059DA09 /* Main.storyboard */ = {
			isa = PBXVariantGroup;
			children = (
				6D1B3EF01C470E010059DA09 /* Base */,
			);
			name = Main.storyboard;
			sourceTree = "<group>";
		};
		6D1B3EF41C470E010059DA09 /* LaunchScreen.storyboard */ = {
			isa = PBXVariantGroup;
			children = (
				6D1B3EF51C470E010059DA09 /* Base */,
			);
			name = LaunchScreen.storyboard;
			sourceTree = "<group>";
		};
/* End PBXVariantGroup section */

/* Begin XCBuildConfiguration section */
		6D1B3F0E1C470E040059DA09 /* Debug */ = {
			isa = XCBuildConfiguration;
			buildSettings = {
				ALWAYS_SEARCH_USER_PATHS = NO;
				CLANG_CXX_LANGUAGE_STANDARD = "gnu++0x";
				CLANG_CXX_LIBRARY = "libc++";
				CLANG_ENABLE_MODULES = YES;
				CLANG_ENABLE_OBJC_ARC = YES;
				CLANG_WARN_BOOL_CONVERSION = YES;
				CLANG_WARN_CONSTANT_CONVERSION = YES;
				CLANG_WARN_DIRECT_OBJC_ISA_USAGE = YES_ERROR;
				CLANG_WARN_EMPTY_BODY = YES;
				CLANG_WARN_ENUM_CONVERSION = YES;
				CLANG_WARN_INT_CONVERSION = YES;
				CLANG_WARN_OBJC_ROOT_CLASS = YES_ERROR;
				CLANG_WARN_UNREACHABLE_CODE = YES;
				CLANG_WARN__DUPLICATE_METHOD_MATCH = YES;
				"CODE_SIGN_IDENTITY[sdk=iphoneos*]" = "iPhone Developer";
				COPY_PHASE_STRIP = NO;
				DEBUG_INFORMATION_FORMAT = dwarf;
				ENABLE_STRICT_OBJC_MSGSEND = YES;
				ENABLE_TESTABILITY = YES;
				GCC_C_LANGUAGE_STANDARD = gnu99;
				GCC_DYNAMIC_NO_PIC = NO;
				GCC_NO_COMMON_BLOCKS = YES;
				GCC_OPTIMIZATION_LEVEL = 0;
				GCC_PREPROCESSOR_DEFINITIONS = (
					"DEBUG=1",
					"$(inherited)",
				);
				GCC_WARN_64_TO_32_BIT_CONVERSION = YES;
				GCC_WARN_ABOUT_RETURN_TYPE = YES_ERROR;
				GCC_WARN_UNDECLARED_SELECTOR = YES;
				GCC_WARN_UNINITIALIZED_AUTOS = YES_AGGRESSIVE;
				GCC_WARN_UNUSED_FUNCTION = YES;
				GCC_WARN_UNUSED_VARIABLE = YES;
				IPHONEOS_DEPLOYMENT_TARGET = 9.2;
				MTL_ENABLE_DEBUG_INFO = YES;
				ONLY_ACTIVE_ARCH = YES;
				SDKROOT = iphoneos;
				TARGETED_DEVICE_FAMILY = "1,2";
			};
			name = Debug;
		};
		6D1B3F0F1C470E040059DA09 /* Release */ = {
			isa = XCBuildConfiguration;
			buildSettings = {
				ALWAYS_SEARCH_USER_PATHS = NO;
				CLANG_CXX_LANGUAGE_STANDARD = "gnu++0x";
				CLANG_CXX_LIBRARY = "libc++";
				CLANG_ENABLE_MODULES = YES;
				CLANG_ENABLE_OBJC_ARC = YES;
				CLANG_WARN_BOOL_CONVERSION = YES;
				CLANG_WARN_CONSTANT_CONVERSION = YES;
				CLANG_WARN_DIRECT_OBJC_ISA_USAGE = YES_ERROR;
				CLANG_WARN_EMPTY_BODY = YES;
				CLANG_WARN_ENUM_CONVERSION = YES;
				CLANG_WARN_INT_CONVERSION = YES;
				CLANG_WARN_OBJC_ROOT_CLASS = YES_ERROR;
				CLANG_WARN_UNREACHABLE_CODE = YES;
				CLANG_WARN__DUPLICATE_METHOD_MATCH = YES;
				"CODE_SIGN_IDENTITY[sdk=iphoneos*]" = "iPhone Developer";
				COPY_PHASE_STRIP = NO;
				DEBUG_INFORMATION_FORMAT = "dwarf-with-dsym";
				ENABLE_NS_ASSERTIONS = NO;
				ENABLE_STRICT_OBJC_MSGSEND = YES;
				GCC_C_LANGUAGE_STANDARD = gnu99;
				GCC_NO_COMMON_BLOCKS = YES;
				GCC_WARN_64_TO_32_BIT_CONVERSION = YES;
				GCC_WARN_ABOUT_RETURN_TYPE = YES_ERROR;
				GCC_WARN_UNDECLARED_SELECTOR = YES;
				GCC_WARN_UNINITIALIZED_AUTOS = YES_AGGRESSIVE;
				GCC_WARN_UNUSED_FUNCTION = YES;
				GCC_WARN_UNUSED_VARIABLE = YES;
				IPHONEOS_DEPLOYMENT_TARGET = 9.2;
				MTL_ENABLE_DEBUG_INFO = NO;
				SDKROOT = iphoneos;
				TARGETED_DEVICE_FAMILY = "1,2";
				VALIDATE_PRODUCT = YES;
			};
			name = Release;
		};
		6D1B3F111C470E040059DA09 /* Debug */ = {
			isa = XCBuildConfiguration;
			buildSettings = {
				ASSETCATALOG_COMPILER_APPICON_NAME = AppIcon;
				INFOPLIST_FILE = iOSgithub/Info.plist;
				LD_RUNPATH_SEARCH_PATHS = "$(inherited) @executable_path/Frameworks";
				PRODUCT_BUNDLE_IDENTIFIER = e2g.iOSgithub;
				PRODUCT_NAME = "$(TARGET_NAME)";
			};
			name = Debug;
		};
		6D1B3F121C470E040059DA09 /* Release */ = {
			isa = XCBuildConfiguration;
			buildSettings = {
				ASSETCATALOG_COMPILER_APPICON_NAME = AppIcon;
				INFOPLIST_FILE = iOSgithub/Info.plist;
				LD_RUNPATH_SEARCH_PATHS = "$(inherited) @executable_path/Frameworks";
				PRODUCT_BUNDLE_IDENTIFIER = e2g.iOSgithub;
				PRODUCT_NAME = "$(TARGET_NAME)";
			};
			name = Release;
		};
		6D1B3F141C470E040059DA09 /* Debug */ = {
			isa = XCBuildConfiguration;
			buildSettings = {
				BUNDLE_LOADER = "$(TEST_HOST)";
				INFOPLIST_FILE = iOSgithubTests/Info.plist;
				LD_RUNPATH_SEARCH_PATHS = "$(inherited) @executable_path/Frameworks @loader_path/Frameworks";
				PRODUCT_BUNDLE_IDENTIFIER = e2g.iOSgithubTests;
				PRODUCT_NAME = "$(TARGET_NAME)";
				TEST_HOST = "$(BUILT_PRODUCTS_DIR)/iOSgithub.app/iOSgithub";
			};
			name = Debug;
		};
		6D1B3F151C470E040059DA09 /* Release */ = {
			isa = XCBuildConfiguration;
			buildSettings = {
				BUNDLE_LOADER = "$(TEST_HOST)";
				INFOPLIST_FILE = iOSgithubTests/Info.plist;
				LD_RUNPATH_SEARCH_PATHS = "$(inherited) @executable_path/Frameworks @loader_path/Frameworks";
				PRODUCT_BUNDLE_IDENTIFIER = e2g.iOSgithubTests;
				PRODUCT_NAME = "$(TARGET_NAME)";
				TEST_HOST = "$(BUILT_PRODUCTS_DIR)/iOSgithub.app/iOSgithub";
			};
			name = Release;
		};
		6D1B3F171C470E040059DA09 /* Debug */ = {
			isa = XCBuildConfiguration;
			buildSettings = {
				INFOPLIST_FILE = iOSgithubUITests/Info.plist;
				LD_RUNPATH_SEARCH_PATHS = "$(inherited) @executable_path/Frameworks @loader_path/Frameworks";
				PRODUCT_BUNDLE_IDENTIFIER = e2g.iOSgithubUITests;
				PRODUCT_NAME = "$(TARGET_NAME)";
				TEST_TARGET_NAME = iOSgithub;
				USES_XCTRUNNER = YES;
			};
			name = Debug;
		};
		6D1B3F181C470E040059DA09 /* Release */ = {
			isa = XCBuildConfiguration;
			buildSettings = {
				INFOPLIST_FILE = iOSgithubUITests/Info.plist;
				LD_RUNPATH_SEARCH_PATHS = "$(inherited) @executable_path/Frameworks @loader_path/Frameworks";
				PRODUCT_BUNDLE_IDENTIFIER = e2g.iOSgithubUITests;
				PRODUCT_NAME = "$(TARGET_NAME)";
				TEST_TARGET_NAME = iOSgithub;
				USES_XCTRUNNER = YES;
			};
			name = Release;
		};
/* End XCBuildConfiguration section */

/* Begin XCConfigurationList section */
		6D1B3EDE1C470DFE0059DA09 /* Build configuration list for PBXProject "iOSgithub" */ = {
			isa = XCConfigurationList;
			buildConfigurations = (
				6D1B3F0E1C470E040059DA09 /* Debug */,
				6D1B3F0F1C470E040059DA09 /* Release */,
			);
			defaultConfigurationIsVisible = 0;
			defaultConfigurationName = Release;
		};
		6D1B3F101C470E040059DA09 /* Build configuration list for PBXNativeTarget "iOSgithub" */ = {
			isa = XCConfigurationList;
			buildConfigurations = (
				6D1B3F111C470E040059DA09 /* Debug */,
				6D1B3F121C470E040059DA09 /* Release */,
			);
			defaultConfigurationIsVisible = 0;
		};
		6D1B3F131C470E040059DA09 /* Build configuration list for PBXNativeTarget "iOSgithubTests" */ = {
			isa = XCConfigurationList;
			buildConfigurations = (
				6D1B3F141C470E040059DA09 /* Debug */,
				6D1B3F151C470E040059DA09 /* Release */,
			);
			defaultConfigurationIsVisible = 0;
		};
		6D1B3F161C470E040059DA09 /* Build configuration list for PBXNativeTarget "iOSgithubUITests" */ = {
			isa = XCConfigurationList;
			buildConfigurations = (
				6D1B3F171C470E040059DA09 /* Debug */,
				6D1B3F181C470E040059DA09 /* Release */,
			);
			defaultConfigurationIsVisible = 0;
		};
/* End XCConfigurationList section */
	};
	rootObject = 6D1B3EDB1C470DFE0059DA09 /* Project object */;
}
